
Microsoft Visual Studio Solution File, Format Version 12.00
# Visual Studio Version 17
VisualStudioVersion = 17.9.34723.18
MinimumVisualStudioVersion = 10.0.40219.1
Project("{FAE04EC0-301F-11D3-BF4B-00C04F79EFBC}") = "MIMS Skill Competency", "MIMS Skill Competency\MIMS Skill Competency.csproj", "{FAC029DE-317B-492B-AB2D-F48674D5174C}"
EndProject
Global
	GlobalSection(SolutionConfigurationPlatforms) = preSolution
		Debug|Any CPU = Debug|Any CPU
		Release|Any CPU = Release|Any CPU
	EndGlobalSection
	GlobalSection(ProjectConfigurationPlatforms) = postSolution
		{FAC029DE-317B-492B-AB2D-F48674D5174C}.Debug|Any CPU.ActiveCfg = Debug|Any CPU
		{FAC029DE-317B-492B-AB2D-F48674D5174C}.Debug|Any CPU.Build.0 = Debug|Any CPU
		{FAC029DE-317B-492B-AB2D-F48674D5174C}.Release|Any CPU.ActiveCfg = Release|Any CPU
		{FAC029DE-317B-492B-AB2D-F48674D5174C}.Release|Any CPU.Build.0 = Release|Any CPU
	EndGlobalSection
	GlobalSection(SolutionProperties) = preSolution
		HideSolutionNode = FALSE
	EndGlobalSection
	GlobalSection(ExtensibilityGlobals) = postSolution
		SolutionGuid = {67BAC0F6-B6FD-42EB-93B4-50E55E29C7A8}
	EndGlobalSection
EndGlobal
